
Microsoft Visual Studio Solution File, Format Version 12.00
# Visual Studio Version 16
VisualStudioVersion = 16.0.31624.102
MinimumVisualStudioVersion = 10.0.40219.1
Project("{8BC9CEB8-8B4A-11D0-8D11-00A0C91BC942}") = "Про спиннеры и не только", "Про спиннеры и не только\Про спиннеры и не только.vcxproj", "{644CAEF6-B609-4BE3-BDCC-8DE7BCAF5AB3}"
EndProject
Global
	GlobalSection(SolutionConfigurationPlatforms) = preSolution
		Debug|x64 = Debug|x64
		Debug|x86 = Debug|x86
		Release|x64 = Release|x64
		Release|x86 = Release|x86
	EndGlobalSection
	GlobalSection(ProjectConfigurationPlatforms) = postSolution
		{644CAEF6-B609-4BE3-BDCC-8DE7BCAF5AB3}.Debug|x64.ActiveCfg = Debug|x64
		{644CAEF6-B609-4BE3-BDCC-8DE7BCAF5AB3}.Debug|x64.Build.0 = Debug|x64
		{644CAEF6-B609-4BE3-BDCC-8DE7BCAF5AB3}.Debug|x86.ActiveCfg = Debug|Win32
		{644CAEF6-B609-4BE3-BDCC-8DE7BCAF5AB3}.Debug|x86.Build.0 = Debug|Win32
		{644CAEF6-B609-4BE3-BDCC-8DE7BCAF5AB3}.Release|x64.ActiveCfg = Release|x64
		{644CAEF6-B609-4BE3-BDCC-8DE7BCAF5AB3}.Release|x64.Build.0 = Release|x64
		{644CAEF6-B609-4BE3-BDCC-8DE7BCAF5AB3}.Release|x86.ActiveCfg = Release|Win32
		{644CAEF6-B609-4BE3-BDCC-8DE7BCAF5AB3}.Release|x86.Build.0 = Release|Win32
	EndGlobalSection
	GlobalSection(SolutionProperties) = preSolution
		HideSolutionNode = FALSE
	EndGlobalSection
	GlobalSection(ExtensibilityGlobals) = postSolution
		SolutionGuid = {E017E122-1C29-4379-8048-67DAF67DDE8E}
	EndGlobalSection
EndGlobal
